// !$*UTF8*$!
{
	archiveVersion = 1;
	classes = {
	};
	objectVersion = 46;
	objects = {

/* Begin PBXBuildFile section */
		5BB655311AC31464007E0F85 /* main.m in Sources */ = {isa = PBXBuildFile; fileRef = 5BB655301AC31464007E0F85 /* main.m */; };
		5BB655341AC31464007E0F85 /* AppDelegate.m in Sources */ = {isa = PBXBuildFile; fileRef = 5BB655331AC31464007E0F85 /* AppDelegate.m */; };
		5BB655371AC31464007E0F85 /* FirstViewController.m in Sources */ = {isa = PBXBuildFile; fileRef = 5BB655361AC31464007E0F85 /* FirstViewController.m */; };
		5BB6553A1AC31464007E0F85 /* SecondViewController.m in Sources */ = {isa = PBXBuildFile; fileRef = 5BB655391AC31464007E0F85 /* SecondViewController.m */; };
		5BB6553D1AC31464007E0F85 /* Main.storyboard in Resources */ = {isa = PBXBuildFile; fileRef = 5BB6553B1AC31464007E0F85 /* Main.storyboard */; };
		5BB6553F1AC31464007E0F85 /* Images.xcassets in Resources */ = {isa = PBXBuildFile; fileRef = 5BB6553E1AC31464007E0F85 /* Images.xcassets */; };
		5BB655421AC31464007E0F85 /* LaunchScreen.xib in Resources */ = {isa = PBXBuildFile; fileRef = 5BB655401AC31464007E0F85 /* LaunchScreen.xib */; };
		5BB6554E1AC31464007E0F85 /* NeighborsAppTests.m in Sources */ = {isa = PBXBuildFile; fileRef = 5BB6554D1AC31464007E0F85 /* NeighborsAppTests.m */; };
		5BB655631AC316AC007E0F85 /* NBRTabbarController.m in Sources */ = {isa = PBXBuildFile; fileRef = 5BB655621AC316AC007E0F85 /* NBRTabbarController.m */; };
		5BB655671AC316FF007E0F85 /* NBRBaseViewController.m in Sources */ = {isa = PBXBuildFile; fileRef = 5BB655661AC316FF007E0F85 /* NBRBaseViewController.m */; };
		5BB6556A1AC31727007E0F85 /* NBRPersonalCenterViewController.m in Sources */ = {isa = PBXBuildFile; fileRef = 5BB655691AC31727007E0F85 /* NBRPersonalCenterViewController.m */; };
		5BB6556D1AC3173E007E0F85 /* NBRServeiesViewController.m in Sources */ = {isa = PBXBuildFile; fileRef = 5BB6556C1AC3173E007E0F85 /* NBRServeiesViewController.m */; };
		5BB655701AC31753007E0F85 /* NBRMyMessageViewController.m in Sources */ = {isa = PBXBuildFile; fileRef = 5BB6556F1AC31753007E0F85 /* NBRMyMessageViewController.m */; };
		5BB655731AC31768007E0F85 /* NBRFriendCircleViewController.m in Sources */ = {isa = PBXBuildFile; fileRef = 5BB655721AC31768007E0F85 /* NBRFriendCircleViewController.m */; };
/* End PBXBuildFile section */

/* Begin PBXContainerItemProxy section */
		5BB655481AC31464007E0F85 /* PBXContainerItemProxy */ = {
			isa = PBXContainerItemProxy;
			containerPortal = 5BB655231AC31464007E0F85 /* Project object */;
			proxyType = 1;
			remoteGlobalIDString = 5BB6552A1AC31464007E0F85;
			remoteInfo = NeighborsApp;
		};
/* End PBXContainerItemProxy section */

/* Begin PBXFileReference section */
		5BB6552B1AC31464007E0F85 /* NeighborsApp.app */ = {isa = PBXFileReference; explicitFileType = wrapper.application; includeInIndex = 0; path = NeighborsApp.app; sourceTree = BUILT_PRODUCTS_DIR; };
		5BB6552F1AC31464007E0F85 /* Info.plist */ = {isa = PBXFileReference; lastKnownFileType = text.plist.xml; path = Info.plist; sourceTree = "<group>"; };
		5BB655301AC31464007E0F85 /* main.m */ = {isa = PBXFileReference; lastKnownFileType = sourcecode.c.objc; path = main.m; sourceTree = "<group>"; };
		5BB655321AC31464007E0F85 /* AppDelegate.h */ = {isa = PBXFileReference; lastKnownFileType = sourcecode.c.h; path = AppDelegate.h; sourceTree = "<group>"; };
		5BB655331AC31464007E0F85 /* AppDelegate.m */ = {isa = PBXFileReference; lastKnownFileType = sourcecode.c.objc; path = AppDelegate.m; sourceTree = "<group>"; };
		5BB655351AC31464007E0F85 /* FirstViewController.h */ = {isa = PBXFileReference; lastKnownFileType = sourcecode.c.h; path = FirstViewController.h; sourceTree = "<group>"; };
		5BB655361AC31464007E0F85 /* FirstViewController.m */ = {isa = PBXFileReference; lastKnownFileType = sourcecode.c.objc; path = FirstViewController.m; sourceTree = "<group>"; };
		5BB655381AC31464007E0F85 /* SecondViewController.h */ = {isa = PBXFileReference; lastKnownFileType = sourcecode.c.h; path = SecondViewController.h; sourceTree = "<group>"; };
		5BB655391AC31464007E0F85 /* SecondViewController.m */ = {isa = PBXFileReference; lastKnownFileType = sourcecode.c.objc; path = SecondViewController.m; sourceTree = "<group>"; };
		5BB6553C1AC31464007E0F85 /* Base */ = {isa = PBXFileReference; lastKnownFileType = file.storyboard; name = Base; path = Base.lproj/Main.storyboard; sourceTree = "<group>"; };
		5BB6553E1AC31464007E0F85 /* Images.xcassets */ = {isa = PBXFileReference; lastKnownFileType = folder.assetcatalog; path = Images.xcassets; sourceTree = "<group>"; };
		5BB655411AC31464007E0F85 /* Base */ = {isa = PBXFileReference; lastKnownFileType = file.xib; name = Base; path = Base.lproj/LaunchScreen.xib; sourceTree = "<group>"; };
		5BB655471AC31464007E0F85 /* NeighborsAppTests.xctest */ = {isa = PBXFileReference; explicitFileType = wrapper.cfbundle; includeInIndex = 0; path = NeighborsAppTests.xctest; sourceTree = BUILT_PRODUCTS_DIR; };
		5BB6554C1AC31464007E0F85 /* Info.plist */ = {isa = PBXFileReference; lastKnownFileType = text.plist.xml; path = Info.plist; sourceTree = "<group>"; };
		5BB6554D1AC31464007E0F85 /* NeighborsAppTests.m */ = {isa = PBXFileReference; lastKnownFileType = sourcecode.c.objc; path = NeighborsAppTests.m; sourceTree = "<group>"; };
		5BB655611AC316AC007E0F85 /* NBRTabbarController.h */ = {isa = PBXFileReference; fileEncoding = 4; lastKnownFileType = sourcecode.c.h; name = NBRTabbarController.h; path = ViewControllers/NBRTabbarController/NBRTabbarController.h; sourceTree = "<group>"; };
		5BB655621AC316AC007E0F85 /* NBRTabbarController.m */ = {isa = PBXFileReference; fileEncoding = 4; lastKnownFileType = sourcecode.c.objc; name = NBRTabbarController.m; path = ViewControllers/NBRTabbarController/NBRTabbarController.m; sourceTree = "<group>"; };
		5BB655651AC316FF007E0F85 /* NBRBaseViewController.h */ = {isa = PBXFileReference; fileEncoding = 4; lastKnownFileType = sourcecode.c.h; name = NBRBaseViewController.h; path = ViewControllers/NBRBaseViewController/NBRBaseViewController.h; sourceTree = "<group>"; };
		5BB655661AC316FF007E0F85 /* NBRBaseViewController.m */ = {isa = PBXFileReference; fileEncoding = 4; lastKnownFileType = sourcecode.c.objc; name = NBRBaseViewController.m; path = ViewControllers/NBRBaseViewController/NBRBaseViewController.m; sourceTree = "<group>"; };
		5BB655681AC31727007E0F85 /* NBRPersonalCenterViewController.h */ = {isa = PBXFileReference; fileEncoding = 4; lastKnownFileType = sourcecode.c.h; name = NBRPersonalCenterViewController.h; path = ViewControllers/NBRPersonalCenterViewController/NBRPersonalCenterViewController.h; sourceTree = "<group>"; };
		5BB655691AC31727007E0F85 /* NBRPersonalCenterViewController.m */ = {isa = PBXFileReference; fileEncoding = 4; lastKnownFileType = sourcecode.c.objc; name = NBRPersonalCenterViewController.m; path = ViewControllers/NBRPersonalCenterViewController/NBRPersonalCenterViewController.m; sourceTree = "<group>"; };
		5BB6556B1AC3173E007E0F85 /* NBRServeiesViewController.h */ = {isa = PBXFileReference; fileEncoding = 4; lastKnownFileType = sourcecode.c.h; name = NBRServeiesViewController.h; path = ViewControllers/NBRServeiesViewController/NBRServeiesViewController.h; sourceTree = "<group>"; };
		5BB6556C1AC3173E007E0F85 /* NBRServeiesViewController.m */ = {isa = PBXFileReference; fileEncoding = 4; lastKnownFileType = sourcecode.c.objc; name = NBRServeiesViewController.m; path = ViewControllers/NBRServeiesViewController/NBRServeiesViewController.m; sourceTree = "<group>"; };
		5BB6556E1AC31753007E0F85 /* NBRMyMessageViewController.h */ = {isa = PBXFileReference; fileEncoding = 4; lastKnownFileType = sourcecode.c.h; name = NBRMyMessageViewController.h; path = ViewControllers/NBRMyMessageViewController/NBRMyMessageViewController.h; sourceTree = "<group>"; };
		5BB6556F1AC31753007E0F85 /* NBRMyMessageViewController.m */ = {isa = PBXFileReference; fileEncoding = 4; lastKnownFileType = sourcecode.c.objc; name = NBRMyMessageViewController.m; path = ViewControllers/NBRMyMessageViewController/NBRMyMessageViewController.m; sourceTree = "<group>"; };
		5BB655711AC31768007E0F85 /* NBRFriendCircleViewController.h */ = {isa = PBXFileReference; fileEncoding = 4; lastKnownFileType = sourcecode.c.h; name = NBRFriendCircleViewController.h; path = ViewControllers/NBRFriendCircleViewController/NBRFriendCircleViewController.h; sourceTree = "<group>"; };
		5BB655721AC31768007E0F85 /* NBRFriendCircleViewController.m */ = {isa = PBXFileReference; fileEncoding = 4; lastKnownFileType = sourcecode.c.objc; name = NBRFriendCircleViewController.m; path = ViewControllers/NBRFriendCircleViewController/NBRFriendCircleViewController.m; sourceTree = "<group>"; };
/* End PBXFileReference section */

/* Begin PBXFrameworksBuildPhase section */
		5BB655281AC31464007E0F85 /* Frameworks */ = {
			isa = PBXFrameworksBuildPhase;
			buildActionMask = 2147483647;
			files = (
			);
			runOnlyForDeploymentPostprocessing = 0;
		};
		5BB655441AC31464007E0F85 /* Frameworks */ = {
			isa = PBXFrameworksBuildPhase;
			buildActionMask = 2147483647;
			files = (
			);
			runOnlyForDeploymentPostprocessing = 0;
		};
/* End PBXFrameworksBuildPhase section */

/* Begin PBXGroup section */
		5BB655221AC31464007E0F85 = {
			isa = PBXGroup;
			children = (
				5BB6555D1AC31588007E0F85 /* Ext */,
				5BB6555E1AC31593007E0F85 /* Business */,
				5BB655571AC31505007E0F85 /* ViewControllers */,
				5BB6552D1AC31464007E0F85 /* NeighborsApp */,
				5BB6554A1AC31464007E0F85 /* NeighborsAppTests */,
				5BB6552C1AC31464007E0F85 /* Products */,
			);
			sourceTree = "<group>";
		};
		5BB6552C1AC31464007E0F85 /* Products */ = {
			isa = PBXGroup;
			children = (
				5BB6552B1AC31464007E0F85 /* NeighborsApp.app */,
				5BB655471AC31464007E0F85 /* NeighborsAppTests.xctest */,
			);
			name = Products;
			sourceTree = "<group>";
		};
		5BB6552D1AC31464007E0F85 /* NeighborsApp */ = {
			isa = PBXGroup;
			children = (
				5BB655321AC31464007E0F85 /* AppDelegate.h */,
				5BB655331AC31464007E0F85 /* AppDelegate.m */,
				5BB655351AC31464007E0F85 /* FirstViewController.h */,
				5BB655361AC31464007E0F85 /* FirstViewController.m */,
				5BB655381AC31464007E0F85 /* SecondViewController.h */,
				5BB655391AC31464007E0F85 /* SecondViewController.m */,
				5BB6553B1AC31464007E0F85 /* Main.storyboard */,
				5BB6553E1AC31464007E0F85 /* Images.xcassets */,
				5BB655401AC31464007E0F85 /* LaunchScreen.xib */,
				5BB6552E1AC31464007E0F85 /* Supporting Files */,
			);
			path = NeighborsApp;
			sourceTree = "<group>";
		};
		5BB6552E1AC31464007E0F85 /* Supporting Files */ = {
			isa = PBXGroup;
			children = (
				5BB6552F1AC31464007E0F85 /* Info.plist */,
				5BB655301AC31464007E0F85 /* main.m */,
			);
			name = "Supporting Files";
			sourceTree = "<group>";
		};
		5BB6554A1AC31464007E0F85 /* NeighborsAppTests */ = {
			isa = PBXGroup;
			children = (
				5BB6554D1AC31464007E0F85 /* NeighborsAppTests.m */,
				5BB6554B1AC31464007E0F85 /* Supporting Files */,
			);
			path = NeighborsAppTests;
			sourceTree = "<group>";
		};
		5BB6554B1AC31464007E0F85 /* Supporting Files */ = {
			isa = PBXGroup;
			children = (
				5BB6554C1AC31464007E0F85 /* Info.plist */,
			);
			name = "Supporting Files";
			sourceTree = "<group>";
		};
		5BB655571AC31505007E0F85 /* ViewControllers */ = {
			isa = PBXGroup;
			children = (
				5BB655641AC316D9007E0F85 /* NBRBaseViewController */,
				5BB6555C1AC31567007E0F85 /* NBRPersonalCenterViewController */,
				5BB6555B1AC3155B007E0F85 /* NBRServeiesViewController */,
				5BB655591AC31525007E0F85 /* NBRMyMessageViewController */,
				5BB6555A1AC31536007E0F85 /* NBRFriendCircleViewController */,
				5BB655581AC3150D007E0F85 /* NBRTabbarController */,
			);
			name = ViewControllers;
			sourceTree = "<group>";
		};
		5BB655581AC3150D007E0F85 /* NBRTabbarController */ = {
			isa = PBXGroup;
			children = (
				5BB655611AC316AC007E0F85 /* NBRTabbarController.h */,
				5BB655621AC316AC007E0F85 /* NBRTabbarController.m */,
			);
			name = NBRTabbarController;
			sourceTree = "<group>";
		};
		5BB655591AC31525007E0F85 /* NBRMyMessageViewController */ = {
			isa = PBXGroup;
			children = (
				5BB6556E1AC31753007E0F85 /* NBRMyMessageViewController.h */,
				5BB6556F1AC31753007E0F85 /* NBRMyMessageViewController.m */,
			);
			name = NBRMyMessageViewController;
			sourceTree = "<group>";
		};
		5BB6555A1AC31536007E0F85 /* NBRFriendCircleViewController */ = {
			isa = PBXGroup;
			children = (
				5BB655711AC31768007E0F85 /* NBRFriendCircleViewController.h */,
				5BB655721AC31768007E0F85 /* NBRFriendCircleViewController.m */,
			);
			name = NBRFriendCircleViewController;
			sourceTree = "<group>";
		};
		5BB6555B1AC3155B007E0F85 /* NBRServeiesViewController */ = {
			isa = PBXGroup;
			children = (
				5BB6556B1AC3173E007E0F85 /* NBRServeiesViewController.h */,
				5BB6556C1AC3173E007E0F85 /* NBRServeiesViewController.m */,
			);
			name = NBRServeiesViewController;
			sourceTree = "<group>";
		};
		5BB6555C1AC31567007E0F85 /* NBRPersonalCenterViewController */ = {
			isa = PBXGroup;
			children = (
				5BB655681AC31727007E0F85 /* NBRPersonalCenterViewController.h */,
				5BB655691AC31727007E0F85 /* NBRPersonalCenterViewController.m */,
			);
			name = NBRPersonalCenterViewController;
			sourceTree = "<group>";
		};
		5BB6555D1AC31588007E0F85 /* Ext */ = {
			isa = PBXGroup;
			children = (
			);
			name = Ext;
			sourceTree = "<group>";
		};
		5BB6555E1AC31593007E0F85 /* Business */ = {
			isa = PBXGroup;
			children = (
				5BB655601AC315F0007E0F85 /* Entiy */,
				5BB6555F1AC315E4007E0F85 /* Request */,
			);
			name = Business;
			sourceTree = "<group>";
		};
		5BB6555F1AC315E4007E0F85 /* Request */ = {
			isa = PBXGroup;
			children = (
			);
			name = Request;
			sourceTree = "<group>";
		};
		5BB655601AC315F0007E0F85 /* Entiy */ = {
			isa = PBXGroup;
			children = (
			);
			name = Entiy;
			sourceTree = "<group>";
		};
		5BB655641AC316D9007E0F85 /* NBRBaseViewController */ = {
			isa = PBXGroup;
			children = (
				5BB655651AC316FF007E0F85 /* NBRBaseViewController.h */,
				5BB655661AC316FF007E0F85 /* NBRBaseViewController.m */,
			);
			name = NBRBaseViewController;
			sourceTree = "<group>";
		};
/* End PBXGroup section */

/* Begin PBXNativeTarget section */
		5BB6552A1AC31464007E0F85 /* NeighborsApp */ = {
			isa = PBXNativeTarget;
			buildConfigurationList = 5BB655511AC31464007E0F85 /* Build configuration list for PBXNativeTarget "NeighborsApp" */;
			buildPhases = (
				5BB655271AC31464007E0F85 /* Sources */,
				5BB655281AC31464007E0F85 /* Frameworks */,
				5BB655291AC31464007E0F85 /* Resources */,
			);
			buildRules = (
			);
			dependencies = (
			);
			name = NeighborsApp;
			productName = NeighborsApp;
			productReference = 5BB6552B1AC31464007E0F85 /* NeighborsApp.app */;
			productType = "com.apple.product-type.application";
		};
		5BB655461AC31464007E0F85 /* NeighborsAppTests */ = {
			isa = PBXNativeTarget;
			buildConfigurationList = 5BB655541AC31464007E0F85 /* Build configuration list for PBXNativeTarget "NeighborsAppTests" */;
			buildPhases = (
				5BB655431AC31464007E0F85 /* Sources */,
				5BB655441AC31464007E0F85 /* Frameworks */,
				5BB655451AC31464007E0F85 /* Resources */,
			);
			buildRules = (
			);
			dependencies = (
				5BB655491AC31464007E0F85 /* PBXTargetDependency */,
			);
			name = NeighborsAppTests;
			productName = NeighborsAppTests;
			productReference = 5BB655471AC31464007E0F85 /* NeighborsAppTests.xctest */;
			productType = "com.apple.product-type.bundle.unit-test";
		};
/* End PBXNativeTarget section */

/* Begin PBXProject section */
		5BB655231AC31464007E0F85 /* Project object */ = {
			isa = PBXProject;
			attributes = {
				LastUpgradeCheck = 0620;
				ORGANIZATIONNAME = Martin.Ren;
				TargetAttributes = {
					5BB6552A1AC31464007E0F85 = {
						CreatedOnToolsVersion = 6.2;
					};
					5BB655461AC31464007E0F85 = {
						CreatedOnToolsVersion = 6.2;
						TestTargetID = 5BB6552A1AC31464007E0F85;
					};
				};
			};
			buildConfigurationList = 5BB655261AC31464007E0F85 /* Build configuration list for PBXProject "NeighborsApp" */;
			compatibilityVersion = "Xcode 3.2";
			developmentRegion = English;
			hasScannedForEncodings = 0;
			knownRegions = (
				en,
				Base,
			);
			mainGroup = 5BB655221AC31464007E0F85;
			productRefGroup = 5BB6552C1AC31464007E0F85 /* Products */;
			projectDirPath = "";
			projectRoot = "";
			targets = (
				5BB6552A1AC31464007E0F85 /* NeighborsApp */,
				5BB655461AC31464007E0F85 /* NeighborsAppTests */,
			);
		};
/* End PBXProject section */

/* Begin PBXResourcesBuildPhase section */
		5BB655291AC31464007E0F85 /* Resources */ = {
			isa = PBXResourcesBuildPhase;
			buildActionMask = 2147483647;
			files = (
				5BB6553D1AC31464007E0F85 /* Main.storyboard in Resources */,
				5BB655421AC31464007E0F85 /* LaunchScreen.xib in Resources */,
				5BB6553F1AC31464007E0F85 /* Images.xcassets in Resources */,
			);
			runOnlyForDeploymentPostprocessing = 0;
		};
		5BB655451AC31464007E0F85 /* Resources */ = {
			isa = PBXResourcesBuildPhase;
			buildActionMask = 2147483647;
			files = (
			);
			runOnlyForDeploymentPostprocessing = 0;
		};
/* End PBXResourcesBuildPhase section */

/* Begin PBXSourcesBuildPhase section */
		5BB655271AC31464007E0F85 /* Sources */ = {
			isa = PBXSourcesBuildPhase;
			buildActionMask = 2147483647;
			files = (
				5BB655671AC316FF007E0F85 /* NBRBaseViewController.m in Sources */,
				5BB655731AC31768007E0F85 /* NBRFriendCircleViewController.m in Sources */,
				5BB655631AC316AC007E0F85 /* NBRTabbarController.m in Sources */,
				5BB6553A1AC31464007E0F85 /* SecondViewController.m in Sources */,
				5BB655341AC31464007E0F85 /* AppDelegate.m in Sources */,
				5BB655371AC31464007E0F85 /* FirstViewController.m in Sources */,
				5BB6556D1AC3173E007E0F85 /* NBRServeiesViewController.m in Sources */,
				5BB655701AC31753007E0F85 /* NBRMyMessageViewController.m in Sources */,
				5BB655311AC31464007E0F85 /* main.m in Sources */,
				5BB6556A1AC31727007E0F85 /* NBRPersonalCenterViewController.m in Sources */,
			);
			runOnlyForDeploymentPostprocessing = 0;
		};
		5BB655431AC31464007E0F85 /* Sources */ = {
			isa = PBXSourcesBuildPhase;
			buildActionMask = 2147483647;
			files = (
				5BB6554E1AC31464007E0F85 /* NeighborsAppTests.m in Sources */,
			);
			runOnlyForDeploymentPostprocessing = 0;
		};
/* End PBXSourcesBuildPhase section */

/* Begin PBXTargetDependency section */
		5BB655491AC31464007E0F85 /* PBXTargetDependency */ = {
			isa = PBXTargetDependency;
			target = 5BB6552A1AC31464007E0F85 /* NeighborsApp */;
			targetProxy = 5BB655481AC31464007E0F85 /* PBXContainerItemProxy */;
		};
/* End PBXTargetDependency section */

/* Begin PBXVariantGroup section */
		5BB6553B1AC31464007E0F85 /* Main.storyboard */ = {
			isa = PBXVariantGroup;
			children = (
				5BB6553C1AC31464007E0F85 /* Base */,
			);
			name = Main.storyboard;
			sourceTree = "<group>";
		};
		5BB655401AC31464007E0F85 /* LaunchScreen.xib */ = {
			isa = PBXVariantGroup;
			children = (
				5BB655411AC31464007E0F85 /* Base */,
			);
			name = LaunchScreen.xib;
			sourceTree = "<group>";
		};
/* End PBXVariantGroup section */

/* Begin XCBuildConfiguration section */
		5BB6554F1AC31464007E0F85 /* Debug */ = {
			isa = XCBuildConfiguration;
			buildSettings = {
				ALWAYS_SEARCH_USER_PATHS = NO;
				CLANG_CXX_LANGUAGE_STANDARD = "gnu++0x";
				CLANG_CXX_LIBRARY = "libc++";
				CLANG_ENABLE_MODULES = YES;
				CLANG_ENABLE_OBJC_ARC = YES;
				CLANG_WARN_BOOL_CONVERSION = YES;
				CLANG_WARN_CONSTANT_CONVERSION = YES;
				CLANG_WARN_DIRECT_OBJC_ISA_USAGE = YES_ERROR;
				CLANG_WARN_EMPTY_BODY = YES;
				CLANG_WARN_ENUM_CONVERSION = YES;
				CLANG_WARN_INT_CONVERSION = YES;
				CLANG_WARN_OBJC_ROOT_CLASS = YES_ERROR;
				CLANG_WARN_UNREACHABLE_CODE = YES;
				CLANG_WARN__DUPLICATE_METHOD_MATCH = YES;
				"CODE_SIGN_IDENTITY[sdk=iphoneos*]" = "iPhone Developer";
				COPY_PHASE_STRIP = NO;
				ENABLE_STRICT_OBJC_MSGSEND = YES;
				GCC_C_LANGUAGE_STANDARD = gnu99;
				GCC_DYNAMIC_NO_PIC = NO;
				GCC_OPTIMIZATION_LEVEL = 0;
				GCC_PREPROCESSOR_DEFINITIONS = (
					"DEBUG=1",
					"$(inherited)",
				);
				GCC_SYMBOLS_PRIVATE_EXTERN = NO;
				GCC_WARN_64_TO_32_BIT_CONVERSION = YES;
				GCC_WARN_ABOUT_RETURN_TYPE = YES_ERROR;
				GCC_WARN_UNDECLARED_SELECTOR = YES;
				GCC_WARN_UNINITIALIZED_AUTOS = YES_AGGRESSIVE;
				GCC_WARN_UNUSED_FUNCTION = YES;
				GCC_WARN_UNUSED_VARIABLE = YES;
				IPHONEOS_DEPLOYMENT_TARGET = 8.2;
				MTL_ENABLE_DEBUG_INFO = YES;
				ONLY_ACTIVE_ARCH = YES;
				SDKROOT = iphoneos;
			};
			name = Debug;
		};
		5BB655501AC31464007E0F85 /* Release */ = {
			isa = XCBuildConfiguration;
			buildSettings = {
				ALWAYS_SEARCH_USER_PATHS = NO;
				CLANG_CXX_LANGUAGE_STANDARD = "gnu++0x";
				CLANG_CXX_LIBRARY = "libc++";
				CLANG_ENABLE_MODULES = YES;
				CLANG_ENABLE_OBJC_ARC = YES;
				CLANG_WARN_BOOL_CONVERSION = YES;
				CLANG_WARN_CONSTANT_CONVERSION = YES;
				CLANG_WARN_DIRECT_OBJC_ISA_USAGE = YES_ERROR;
				CLANG_WARN_EMPTY_BODY = YES;
				CLANG_WARN_ENUM_CONVERSION = YES;
				CLANG_WARN_INT_CONVERSION = YES;
				CLANG_WARN_OBJC_ROOT_CLASS = YES_ERROR;
				CLANG_WARN_UNREACHABLE_CODE = YES;
				CLANG_WARN__DUPLICATE_METHOD_MATCH = YES;
				"CODE_SIGN_IDENTITY[sdk=iphoneos*]" = "iPhone Developer";
				COPY_PHASE_STRIP = NO;
				ENABLE_NS_ASSERTIONS = NO;
				ENABLE_STRICT_OBJC_MSGSEND = YES;
				GCC_C_LANGUAGE_STANDARD = gnu99;
				GCC_WARN_64_TO_32_BIT_CONVERSION = YES;
				GCC_WARN_ABOUT_RETURN_TYPE = YES_ERROR;
				GCC_WARN_UNDECLARED_SELECTOR = YES;
				GCC_WARN_UNINITIALIZED_AUTOS = YES_AGGRESSIVE;
				GCC_WARN_UNUSED_FUNCTION = YES;
				GCC_WARN_UNUSED_VARIABLE = YES;
				IPHONEOS_DEPLOYMENT_TARGET = 8.2;
				MTL_ENABLE_DEBUG_INFO = NO;
				SDKROOT = iphoneos;
				VALIDATE_PRODUCT = YES;
			};
			name = Release;
		};
		5BB655521AC31464007E0F85 /* Debug */ = {
			isa = XCBuildConfiguration;
			buildSettings = {
				ASSETCATALOG_COMPILER_APPICON_NAME = AppIcon;
				INFOPLIST_FILE = NeighborsApp/Info.plist;
				LD_RUNPATH_SEARCH_PATHS = "$(inherited) @executable_path/Frameworks";
				PRODUCT_NAME = "$(TARGET_NAME)";
			};
			name = Debug;
		};
		5BB655531AC31464007E0F85 /* Release */ = {
			isa = XCBuildConfiguration;
			buildSettings = {
				ASSETCATALOG_COMPILER_APPICON_NAME = AppIcon;
				INFOPLIST_FILE = NeighborsApp/Info.plist;
				LD_RUNPATH_SEARCH_PATHS = "$(inherited) @executable_path/Frameworks";
				PRODUCT_NAME = "$(TARGET_NAME)";
			};
			name = Release;
		};
		5BB655551AC31464007E0F85 /* Debug */ = {
			isa = XCBuildConfiguration;
			buildSettings = {
				BUNDLE_LOADER = "$(TEST_HOST)";
				FRAMEWORK_SEARCH_PATHS = (
					"$(SDKROOT)/Developer/Library/Frameworks",
					"$(inherited)",
				);
				GCC_PREPROCESSOR_DEFINITIONS = (
					"DEBUG=1",
					"$(inherited)",
				);
				INFOPLIST_FILE = NeighborsAppTests/Info.plist;
				LD_RUNPATH_SEARCH_PATHS = "$(inherited) @executable_path/Frameworks @loader_path/Frameworks";
				PRODUCT_NAME = "$(TARGET_NAME)";
				TEST_HOST = "$(BUILT_PRODUCTS_DIR)/NeighborsApp.app/NeighborsApp";
			};
			name = Debug;
		};
		5BB655561AC31464007E0F85 /* Release */ = {
			isa = XCBuildConfiguration;
			buildSettings = {
				BUNDLE_LOADER = "$(TEST_HOST)";
				FRAMEWORK_SEARCH_PATHS = (
					"$(SDKROOT)/Developer/Library/Frameworks",
					"$(inherited)",
				);
				INFOPLIST_FILE = NeighborsAppTests/Info.plist;
				LD_RUNPATH_SEARCH_PATHS = "$(inherited) @executable_path/Frameworks @loader_path/Frameworks";
				PRODUCT_NAME = "$(TARGET_NAME)";
				TEST_HOST = "$(BUILT_PRODUCTS_DIR)/NeighborsApp.app/NeighborsApp";
			};
			name = Release;
		};
/* End XCBuildConfiguration section */

/* Begin XCConfigurationList section */
		5BB655261AC31464007E0F85 /* Build configuration list for PBXProject "NeighborsApp" */ = {
			isa = XCConfigurationList;
			buildConfigurations = (
				5BB6554F1AC31464007E0F85 /* Debug */,
				5BB655501AC31464007E0F85 /* Release */,
			);
			defaultConfigurationIsVisible = 0;
			defaultConfigurationName = Release;
		};
		5BB655511AC31464007E0F85 /* Build configuration list for PBXNativeTarget "NeighborsApp" */ = {
			isa = XCConfigurationList;
			buildConfigurations = (
				5BB655521AC31464007E0F85 /* Debug */,
				5BB655531AC31464007E0F85 /* Release */,
			);
			defaultConfigurationIsVisible = 0;
		};
		5BB655541AC31464007E0F85 /* Build configuration list for PBXNativeTarget "NeighborsAppTests" */ = {
			isa = XCConfigurationList;
			buildConfigurations = (
				5BB655551AC31464007E0F85 /* Debug */,
				5BB655561AC31464007E0F85 /* Release */,
			);
			defaultConfigurationIsVisible = 0;
		};
/* End XCConfigurationList section */
	};
	rootObject = 5BB655231AC31464007E0F85 /* Project object */;
}
